
Microsoft Visual Studio Solution File, Format Version 12.00
# Visual Studio Version 17
VisualStudioVersion = 17.14.36127.28 d17.14
MinimumVisualStudioVersion = 10.0.40219.1
Project("{FAE04EC0-301F-11D3-BF4B-00C04F79EFBC}") = "Singleton", "Singleton\Singleton.csproj", "{866B51AE-F351-4164-A3BD-8F0FB93009D7}"
EndProject
Global
	GlobalSection(SolutionConfigurationPlatforms) = preSolution
		Debug|Any CPU = Debug|Any CPU
		Release|Any CPU = Release|Any CPU
	EndGlobalSection
	GlobalSection(ProjectConfigurationPlatforms) = postSolution
		{866B51AE-F351-4164-A3BD-8F0FB93009D7}.Debug|Any CPU.ActiveCfg = Debug|Any CPU
		{866B51AE-F351-4164-A3BD-8F0FB93009D7}.Debug|Any CPU.Build.0 = Debug|Any CPU
		{866B51AE-F351-4164-A3BD-8F0FB93009D7}.Release|Any CPU.ActiveCfg = Release|Any CPU
		{866B51AE-F351-4164-A3BD-8F0FB93009D7}.Release|Any CPU.Build.0 = Release|Any CPU
	EndGlobalSection
	GlobalSection(SolutionProperties) = preSolution
		HideSolutionNode = FALSE
	EndGlobalSection
	GlobalSection(ExtensibilityGlobals) = postSolution
		SolutionGuid = {EA1BB565-3DFA-4A47-93BB-608063B31021}
	EndGlobalSection
EndGlobal
